
Microsoft Visual Studio Solution File, Format Version 12.00
# Visual Studio Version 17
VisualStudioVersion = 17.13.35825.156
MinimumVisualStudioVersion = 10.0.40219.1
Project("{9A19103F-16F7-4668-BE54-9A1E7A4F7556}") = "Hotels_app", "Hotels_app\Hotels_app.csproj", "{43AD9B96-A01A-40DC-87E1-7041542B57B9}"
EndProject
Project("{FAE04EC0-301F-11D3-BF4B-00C04F79EFBC}") = "hotels_tests", "hotels_tests\hotels_tests.csproj", "{780D7CE3-953A-4105-AED0-1726BB1E30AF}"
EndProject
Global
	GlobalSection(SolutionConfigurationPlatforms) = preSolution
		Debug|Any CPU = Debug|Any CPU
		Release|Any CPU = Release|Any CPU
	EndGlobalSection
	GlobalSection(ProjectConfigurationPlatforms) = postSolution
		{43AD9B96-A01A-40DC-87E1-7041542B57B9}.Debug|Any CPU.ActiveCfg = Debug|Any CPU
		{43AD9B96-A01A-40DC-87E1-7041542B57B9}.Debug|Any CPU.Build.0 = Debug|Any CPU
		{43AD9B96-A01A-40DC-87E1-7041542B57B9}.Release|Any CPU.ActiveCfg = Release|Any CPU
		{43AD9B96-A01A-40DC-87E1-7041542B57B9}.Release|Any CPU.Build.0 = Release|Any CPU
		{780D7CE3-953A-4105-AED0-1726BB1E30AF}.Debug|Any CPU.ActiveCfg = Debug|Any CPU
		{780D7CE3-953A-4105-AED0-1726BB1E30AF}.Debug|Any CPU.Build.0 = Debug|Any CPU
		{780D7CE3-953A-4105-AED0-1726BB1E30AF}.Release|Any CPU.ActiveCfg = Release|Any CPU
		{780D7CE3-953A-4105-AED0-1726BB1E30AF}.Release|Any CPU.Build.0 = Release|Any CPU
	EndGlobalSection
	GlobalSection(SolutionProperties) = preSolution
		HideSolutionNode = FALSE
	EndGlobalSection
	GlobalSection(ExtensibilityGlobals) = postSolution
		SolutionGuid = {1E0231E8-DA8A-4F1F-BC06-6C4704DC9A0A}
	EndGlobalSection
EndGlobal
